// !$*UTF8*$!
{
	archiveVersion = 1;
	classes = {
	};
	objectVersion = 46;
	objects = {

/* Begin PBXBuildFile section */
		C472B7091B7AF37A007328CC /* AppDelegate.swift in Sources */ = {isa = PBXBuildFile; fileRef = C472B7081B7AF37A007328CC /* AppDelegate.swift */; };
		C472B70B1B7AF37A007328CC /* ViewController.swift in Sources */ = {isa = PBXBuildFile; fileRef = C472B70A1B7AF37A007328CC /* ViewController.swift */; };
		C472B70E1B7AF37A007328CC /* Main.storyboard in Resources */ = {isa = PBXBuildFile; fileRef = C472B70C1B7AF37A007328CC /* Main.storyboard */; };
		C472B7101B7AF37A007328CC /* Images.xcassets in Resources */ = {isa = PBXBuildFile; fileRef = C472B70F1B7AF37A007328CC /* Images.xcassets */; };
		C472B7131B7AF37A007328CC /* LaunchScreen.xib in Resources */ = {isa = PBXBuildFile; fileRef = C472B7111B7AF37A007328CC /* LaunchScreen.xib */; };
		C472B71F1B7AF37A007328CC /* WorkOutAppTests.swift in Sources */ = {isa = PBXBuildFile; fileRef = C472B71E1B7AF37A007328CC /* WorkOutAppTests.swift */; };
		C472B7291B7B1826007328CC /* WorkOutCell.swift in Sources */ = {isa = PBXBuildFile; fileRef = C472B7281B7B1826007328CC /* WorkOutCell.swift */; };
		C472B72B1B7B1BF2007328CC /* DetailViewController.swift in Sources */ = {isa = PBXBuildFile; fileRef = C472B72A1B7B1BF2007328CC /* DetailViewController.swift */; };
/* End PBXBuildFile section */

/* Begin PBXContainerItemProxy section */
		C472B7191B7AF37A007328CC /* PBXContainerItemProxy */ = {
			isa = PBXContainerItemProxy;
			containerPortal = C472B6FB1B7AF379007328CC /* Project object */;
			proxyType = 1;
			remoteGlobalIDString = C472B7021B7AF37A007328CC;
			remoteInfo = WorkOutApp;
		};
/* End PBXContainerItemProxy section */

/* Begin PBXFileReference section */
		C472B7031B7AF37A007328CC /* WorkOutApp.app */ = {isa = PBXFileReference; explicitFileType = wrapper.application; includeInIndex = 0; path = WorkOutApp.app; sourceTree = BUILT_PRODUCTS_DIR; };
		C472B7071B7AF37A007328CC /* Info.plist */ = {isa = PBXFileReference; lastKnownFileType = text.plist.xml; path = Info.plist; sourceTree = "<group>"; };
		C472B7081B7AF37A007328CC /* AppDelegate.swift */ = {isa = PBXFileReference; lastKnownFileType = sourcecode.swift; path = AppDelegate.swift; sourceTree = "<group>"; };
		C472B70A1B7AF37A007328CC /* ViewController.swift */ = {isa = PBXFileReference; lastKnownFileType = sourcecode.swift; path = ViewController.swift; sourceTree = "<group>"; };
		C472B70D1B7AF37A007328CC /* Base */ = {isa = PBXFileReference; lastKnownFileType = file.storyboard; name = Base; path = Base.lproj/Main.storyboard; sourceTree = "<group>"; };
		C472B70F1B7AF37A007328CC /* Images.xcassets */ = {isa = PBXFileReference; lastKnownFileType = folder.assetcatalog; path = Images.xcassets; sourceTree = "<group>"; };
		C472B7121B7AF37A007328CC /* Base */ = {isa = PBXFileReference; lastKnownFileType = file.xib; name = Base; path = Base.lproj/LaunchScreen.xib; sourceTree = "<group>"; };
		C472B7181B7AF37A007328CC /* WorkOutAppTests.xctest */ = {isa = PBXFileReference; explicitFileType = wrapper.cfbundle; includeInIndex = 0; path = WorkOutAppTests.xctest; sourceTree = BUILT_PRODUCTS_DIR; };
		C472B71D1B7AF37A007328CC /* Info.plist */ = {isa = PBXFileReference; lastKnownFileType = text.plist.xml; path = Info.plist; sourceTree = "<group>"; };
		C472B71E1B7AF37A007328CC /* WorkOutAppTests.swift */ = {isa = PBXFileReference; lastKnownFileType = sourcecode.swift; path = WorkOutAppTests.swift; sourceTree = "<group>"; };
		C472B7281B7B1826007328CC /* WorkOutCell.swift */ = {isa = PBXFileReference; fileEncoding = 4; lastKnownFileType = sourcecode.swift; path = WorkOutCell.swift; sourceTree = "<group>"; };
		C472B72A1B7B1BF2007328CC /* DetailViewController.swift */ = {isa = PBXFileReference; fileEncoding = 4; lastKnownFileType = sourcecode.swift; path = DetailViewController.swift; sourceTree = "<group>"; };
/* End PBXFileReference section */

/* Begin PBXFrameworksBuildPhase section */
		C472B7001B7AF37A007328CC /* Frameworks */ = {
			isa = PBXFrameworksBuildPhase;
			buildActionMask = 2147483647;
			files = (
			);
			runOnlyForDeploymentPostprocessing = 0;
		};
		C472B7151B7AF37A007328CC /* Frameworks */ = {
			isa = PBXFrameworksBuildPhase;
			buildActionMask = 2147483647;
			files = (
			);
			runOnlyForDeploymentPostprocessing = 0;
		};
/* End PBXFrameworksBuildPhase section */

/* Begin PBXGroup section */
		C472B6FA1B7AF379007328CC = {
			isa = PBXGroup;
			children = (
				C472B7051B7AF37A007328CC /* WorkOutApp */,
				C472B71B1B7AF37A007328CC /* WorkOutAppTests */,
				C472B7041B7AF37A007328CC /* Products */,
			);
			sourceTree = "<group>";
		};
		C472B7041B7AF37A007328CC /* Products */ = {
			isa = PBXGroup;
			children = (
				C472B7031B7AF37A007328CC /* WorkOutApp.app */,
				C472B7181B7AF37A007328CC /* WorkOutAppTests.xctest */,
			);
			name = Products;
			sourceTree = "<group>";
		};
		C472B7051B7AF37A007328CC /* WorkOutApp */ = {
			isa = PBXGroup;
			children = (
				C472B7081B7AF37A007328CC /* AppDelegate.swift */,
				C472B70A1B7AF37A007328CC /* ViewController.swift */,
				C472B70C1B7AF37A007328CC /* Main.storyboard */,
				C472B70F1B7AF37A007328CC /* Images.xcassets */,
				C472B7111B7AF37A007328CC /* LaunchScreen.xib */,
				C472B7061B7AF37A007328CC /* Supporting Files */,
				C472B7281B7B1826007328CC /* WorkOutCell.swift */,
				C472B72A1B7B1BF2007328CC /* DetailViewController.swift */,
			);
			path = WorkOutApp;
			sourceTree = "<group>";
		};
		C472B7061B7AF37A007328CC /* Supporting Files */ = {
			isa = PBXGroup;
			children = (
				C472B7071B7AF37A007328CC /* Info.plist */,
			);
			name = "Supporting Files";
			sourceTree = "<group>";
		};
		C472B71B1B7AF37A007328CC /* WorkOutAppTests */ = {
			isa = PBXGroup;
			children = (
				C472B71E1B7AF37A007328CC /* WorkOutAppTests.swift */,
				C472B71C1B7AF37A007328CC /* Supporting Files */,
			);
			path = WorkOutAppTests;
			sourceTree = "<group>";
		};
		C472B71C1B7AF37A007328CC /* Supporting Files */ = {
			isa = PBXGroup;
			children = (
				C472B71D1B7AF37A007328CC /* Info.plist */,
			);
			name = "Supporting Files";
			sourceTree = "<group>";
		};
/* End PBXGroup section */

/* Begin PBXNativeTarget section */
		C472B7021B7AF37A007328CC /* WorkOutApp */ = {
			isa = PBXNativeTarget;
			buildConfigurationList = C472B7221B7AF37A007328CC /* Build configuration list for PBXNativeTarget "WorkOutApp" */;
			buildPhases = (
				C472B6FF1B7AF37A007328CC /* Sources */,
				C472B7001B7AF37A007328CC /* Frameworks */,
				C472B7011B7AF37A007328CC /* Resources */,
			);
			buildRules = (
			);
			dependencies = (
			);
			name = WorkOutApp;
			productName = WorkOutApp;
			productReference = C472B7031B7AF37A007328CC /* WorkOutApp.app */;
			productType = "com.apple.product-type.application";
		};
		C472B7171B7AF37A007328CC /* WorkOutAppTests */ = {
			isa = PBXNativeTarget;
			buildConfigurationList = C472B7251B7AF37A007328CC /* Build configuration list for PBXNativeTarget "WorkOutAppTests" */;
			buildPhases = (
				C472B7141B7AF37A007328CC /* Sources */,
				C472B7151B7AF37A007328CC /* Frameworks */,
				C472B7161B7AF37A007328CC /* Resources */,
			);
			buildRules = (
			);
			dependencies = (
				C472B71A1B7AF37A007328CC /* PBXTargetDependency */,
			);
			name = WorkOutAppTests;
			productName = WorkOutAppTests;
			productReference = C472B7181B7AF37A007328CC /* WorkOutAppTests.xctest */;
			productType = "com.apple.product-type.bundle.unit-test";
		};
/* End PBXNativeTarget section */

/* Begin PBXProject section */
		C472B6FB1B7AF379007328CC /* Project object */ = {
			isa = PBXProject;
			attributes = {
				LastUpgradeCheck = 0630;
				ORGANIZATIONNAME = "Shawn Li";
				TargetAttributes = {
					C472B7021B7AF37A007328CC = {
						CreatedOnToolsVersion = 6.3.1;
					};
					C472B7171B7AF37A007328CC = {
						CreatedOnToolsVersion = 6.3.1;
						TestTargetID = C472B7021B7AF37A007328CC;
					};
				};
			};
			buildConfigurationList = C472B6FE1B7AF379007328CC /* Build configuration list for PBXProject "WorkOutApp" */;
			compatibilityVersion = "Xcode 3.2";
			developmentRegion = English;
			hasScannedForEncodings = 0;
			knownRegions = (
				en,
				Base,
			);
			mainGroup = C472B6FA1B7AF379007328CC;
			productRefGroup = C472B7041B7AF37A007328CC /* Products */;
			projectDirPath = "";
			projectRoot = "";
			targets = (
				C472B7021B7AF37A007328CC /* WorkOutApp */,
				C472B7171B7AF37A007328CC /* WorkOutAppTests */,
			);
		};
/* End PBXProject section */

/* Begin PBXResourcesBuildPhase section */
		C472B7011B7AF37A007328CC /* Resources */ = {
			isa = PBXResourcesBuildPhase;
			buildActionMask = 2147483647;
			files = (
				C472B70E1B7AF37A007328CC /* Main.storyboard in Resources */,
				C472B7131B7AF37A007328CC /* LaunchScreen.xib in Resources */,
				C472B7101B7AF37A007328CC /* Images.xcassets in Resources */,
			);
			runOnlyForDeploymentPostprocessing = 0;
		};
		C472B7161B7AF37A007328CC /* Resources */ = {
			isa = PBXResourcesBuildPhase;
			buildActionMask = 2147483647;
			files = (
			);
			runOnlyForDeploymentPostprocessing = 0;
		};
/* End PBXResourcesBuildPhase section */

/* Begin PBXSourcesBuildPhase section */
		C472B6FF1B7AF37A007328CC /* Sources */ = {
			isa = PBXSourcesBuildPhase;
			buildActionMask = 2147483647;
			files = (
				C472B70B1B7AF37A007328CC /* ViewController.swift in Sources */,
				C472B7291B7B1826007328CC /* WorkOutCell.swift in Sources */,
				C472B7091B7AF37A007328CC /* AppDelegate.swift in Sources */,
				C472B72B1B7B1BF2007328CC /* DetailViewController.swift in Sources */,
			);
			runOnlyForDeploymentPostprocessing = 0;
		};
		C472B7141B7AF37A007328CC /* Sources */ = {
			isa = PBXSourcesBuildPhase;
			buildActionMask = 2147483647;
			files = (
				C472B71F1B7AF37A007328CC /* WorkOutAppTests.swift in Sources */,
			);
			runOnlyForDeploymentPostprocessing = 0;
		};
/* End PBXSourcesBuildPhase section */

/* Begin PBXTargetDependency section */
		C472B71A1B7AF37A007328CC /* PBXTargetDependency */ = {
			isa = PBXTargetDependency;
			target = C472B7021B7AF37A007328CC /* WorkOutApp */;
			targetProxy = C472B7191B7AF37A007328CC /* PBXContainerItemProxy */;
		};
/* End PBXTargetDependency section */

/* Begin PBXVariantGroup section */
		C472B70C1B7AF37A007328CC /* Main.storyboard */ = {
			isa = PBXVariantGroup;
			children = (
				C472B70D1B7AF37A007328CC /* Base */,
			);
			name = Main.storyboard;
			sourceTree = "<group>";
		};
		C472B7111B7AF37A007328CC /* LaunchScreen.xib */ = {
			isa = PBXVariantGroup;
			children = (
				C472B7121B7AF37A007328CC /* Base */,
			);
			name = LaunchScreen.xib;
			sourceTree = "<group>";
		};
/* End PBXVariantGroup section */

/* Begin XCBuildConfiguration section */
		C472B7201B7AF37A007328CC /* Debug */ = {
			isa = XCBuildConfiguration;
			buildSettings = {
				ALWAYS_SEARCH_USER_PATHS = NO;
				CLANG_CXX_LANGUAGE_STANDARD = "gnu++0x";
				CLANG_CXX_LIBRARY = "libc++";
				CLANG_ENABLE_MODULES = YES;
				CLANG_ENABLE_OBJC_ARC = YES;
				CLANG_WARN_BOOL_CONVERSION = YES;
				CLANG_WARN_CONSTANT_CONVERSION = YES;
				CLANG_WARN_DIRECT_OBJC_ISA_USAGE = YES_ERROR;
				CLANG_WARN_EMPTY_BODY = YES;
				CLANG_WARN_ENUM_CONVERSION = YES;
				CLANG_WARN_INT_CONVERSION = YES;
				CLANG_WARN_OBJC_ROOT_CLASS = YES_ERROR;
				CLANG_WARN_UNREACHABLE_CODE = YES;
				CLANG_WARN__DUPLICATE_METHOD_MATCH = YES;
				"CODE_SIGN_IDENTITY[sdk=iphoneos*]" = "iPhone Developer";
				COPY_PHASE_STRIP = NO;
				DEBUG_INFORMATION_FORMAT = "dwarf-with-dsym";
				ENABLE_STRICT_OBJC_MSGSEND = YES;
				GCC_C_LANGUAGE_STANDARD = gnu99;
				GCC_DYNAMIC_NO_PIC = NO;
				GCC_NO_COMMON_BLOCKS = YES;
				GCC_OPTIMIZATION_LEVEL = 0;
				GCC_PREPROCESSOR_DEFINITIONS = (
					"DEBUG=1",
					"$(inherited)",
				);
				GCC_SYMBOLS_PRIVATE_EXTERN = NO;
				GCC_WARN_64_TO_32_BIT_CONVERSION = YES;
				GCC_WARN_ABOUT_RETURN_TYPE = YES_ERROR;
				GCC_WARN_UNDECLARED_SELECTOR = YES;
				GCC_WARN_UNINITIALIZED_AUTOS = YES_AGGRESSIVE;
				GCC_WARN_UNUSED_FUNCTION = YES;
				GCC_WARN_UNUSED_VARIABLE = YES;
				IPHONEOS_DEPLOYMENT_TARGET = 8.3;
				MTL_ENABLE_DEBUG_INFO = YES;
				ONLY_ACTIVE_ARCH = YES;
				SDKROOT = iphoneos;
				SWIFT_OPTIMIZATION_LEVEL = "-Onone";
			};
			name = Debug;
		};
		C472B7211B7AF37A007328CC /* Release */ = {
			isa = XCBuildConfiguration;
			buildSettings = {
				ALWAYS_SEARCH_USER_PATHS = NO;
				CLANG_CXX_LANGUAGE_STANDARD = "gnu++0x";
				CLANG_CXX_LIBRARY = "libc++";
				CLANG_ENABLE_MODULES = YES;
				CLANG_ENABLE_OBJC_ARC = YES;
				CLANG_WARN_BOOL_CONVERSION = YES;
				CLANG_WARN_CONSTANT_CONVERSION = YES;
				CLANG_WARN_DIRECT_OBJC_ISA_USAGE = YES_ERROR;
				CLANG_WARN_EMPTY_BODY = YES;
				CLANG_WARN_ENUM_CONVERSION = YES;
				CLANG_WARN_INT_CONVERSION = YES;
				CLANG_WARN_OBJC_ROOT_CLASS = YES_ERROR;
				CLANG_WARN_UNREACHABLE_CODE = YES;
				CLANG_WARN__DUPLICATE_METHOD_MATCH = YES;
				"CODE_SIGN_IDENTITY[sdk=iphoneos*]" = "iPhone Developer";
				COPY_PHASE_STRIP = NO;
				DEBUG_INFORMATION_FORMAT = "dwarf-with-dsym";
				ENABLE_NS_ASSERTIONS = NO;
				ENABLE_STRICT_OBJC_MSGSEND = YES;
				GCC_C_LANGUAGE_STANDARD = gnu99;
				GCC_NO_COMMON_BLOCKS = YES;
				GCC_WARN_64_TO_32_BIT_CONVERSION = YES;
				GCC_WARN_ABOUT_RETURN_TYPE = YES_ERROR;
				GCC_WARN_UNDECLARED_SELECTOR = YES;
				GCC_WARN_UNINITIALIZED_AUTOS = YES_AGGRESSIVE;
				GCC_WARN_UNUSED_FUNCTION = YES;
				GCC_WARN_UNUSED_VARIABLE = YES;
				IPHONEOS_DEPLOYMENT_TARGET = 8.3;
				MTL_ENABLE_DEBUG_INFO = NO;
				SDKROOT = iphoneos;
				VALIDATE_PRODUCT = YES;
			};
			name = Release;
		};
		C472B7231B7AF37A007328CC /* Debug */ = {
			isa = XCBuildConfiguration;
			buildSettings = {
				ASSETCATALOG_COMPILER_APPICON_NAME = AppIcon;
				INFOPLIST_FILE = WorkOutApp/Info.plist;
				LD_RUNPATH_SEARCH_PATHS = "$(inherited) @executable_path/Frameworks";
				PRODUCT_NAME = "$(TARGET_NAME)";
			};
			name = Debug;
		};
		C472B7241B7AF37A007328CC /* Release */ = {
			isa = XCBuildConfiguration;
			buildSettings = {
				ASSETCATALOG_COMPILER_APPICON_NAME = AppIcon;
				INFOPLIST_FILE = WorkOutApp/Info.plist;
				LD_RUNPATH_SEARCH_PATHS = "$(inherited) @executable_path/Frameworks";
				PRODUCT_NAME = "$(TARGET_NAME)";
			};
			name = Release;
		};
		C472B7261B7AF37A007328CC /* Debug */ = {
			isa = XCBuildConfiguration;
			buildSettings = {
				BUNDLE_LOADER = "$(TEST_HOST)";
				FRAMEWORK_SEARCH_PATHS = (
					"$(SDKROOT)/Developer/Library/Frameworks",
					"$(inherited)",
				);
				GCC_PREPROCESSOR_DEFINITIONS = (
					"DEBUG=1",
					"$(inherited)",
				);
				INFOPLIST_FILE = WorkOutAppTests/Info.plist;
				LD_RUNPATH_SEARCH_PATHS = "$(inherited) @executable_path/Frameworks @loader_path/Frameworks";
				PRODUCT_NAME = "$(TARGET_NAME)";
				TEST_HOST = "$(BUILT_PRODUCTS_DIR)/WorkOutApp.app/WorkOutApp";
			};
			name = Debug;
		};
		C472B7271B7AF37A007328CC /* Release */ = {
			isa = XCBuildConfiguration;
			buildSettings = {
				BUNDLE_LOADER = "$(TEST_HOST)";
				FRAMEWORK_SEARCH_PATHS = (
					"$(SDKROOT)/Developer/Library/Frameworks",
					"$(inherited)",
				);
				INFOPLIST_FILE = WorkOutAppTests/Info.plist;
				LD_RUNPATH_SEARCH_PATHS = "$(inherited) @executable_path/Frameworks @loader_path/Frameworks";
				PRODUCT_NAME = "$(TARGET_NAME)";
				TEST_HOST = "$(BUILT_PRODUCTS_DIR)/WorkOutApp.app/WorkOutApp";
			};
			name = Release;
		};
/* End XCBuildConfiguration section */

/* Begin XCConfigurationList section */
		C472B6FE1B7AF379007328CC /* Build configuration list for PBXProject "WorkOutApp" */ = {
			isa = XCConfigurationList;
			buildConfigurations = (
				C472B7201B7AF37A007328CC /* Debug */,
				C472B7211B7AF37A007328CC /* Release */,
			);
			defaultConfigurationIsVisible = 0;
			defaultConfigurationName = Release;
		};
		C472B7221B7AF37A007328CC /* Build configuration list for PBXNativeTarget "WorkOutApp" */ = {
			isa = XCConfigurationList;
			buildConfigurations = (
				C472B7231B7AF37A007328CC /* Debug */,
				C472B7241B7AF37A007328CC /* Release */,
			);
			defaultConfigurationIsVisible = 0;
		};
		C472B7251B7AF37A007328CC /* Build configuration list for PBXNativeTarget "WorkOutAppTests" */ = {
			isa = XCConfigurationList;
			buildConfigurations = (
				C472B7261B7AF37A007328CC /* Debug */,
				C472B7271B7AF37A007328CC /* Release */,
			);
			defaultConfigurationIsVisible = 0;
		};
/* End XCConfigurationList section */
	};
	rootObject = C472B6FB1B7AF379007328CC /* Project object */;
}
